
Microsoft Visual Studio Solution File, Format Version 12.00
# Visual Studio 15
VisualStudioVersion = 15.0.27004.2008
MinimumVisualStudioVersion = 10.0.40219.1
Project("{FAE04EC0-301F-11D3-BF4B-00C04F79EFBC}") = "Q01_1-2+3-4+n，求和。", "Q1_1-2+3-4+n，求和。\Q01_1-2+3-4+n，求和。.csproj", "{5BC73C6C-D9D4-4BB0-9269-0A79863BFE72}"
EndProject
Project("{FAE04EC0-301F-11D3-BF4B-00C04F79EFBC}") = "Q02_Reverse字串，用陣列但不可用Array的Reverse方法。", "Q2_Reverse字串，用陣列但不可用Array的Reverse方法。\Q02_Reverse字串，用陣列但不可用Array的Reverse方法。.csproj", "{EA785149-48CD-4DC2-98AA-C4FC74DC1FDB}"
EndProject
Project("{FAE04EC0-301F-11D3-BF4B-00C04F79EFBC}") = "Q03_1×2×3×4×n，用遞迴求積。", "Q3_1×2×3×4×n，用遞迴求積。\Q03_1×2×3×4×n，用遞迴求積。.csproj", "{06C580C5-D26C-4B83-A8D9-7D3EA84AAD2C}"
EndProject
Project("{FAE04EC0-301F-11D3-BF4B-00C04F79EFBC}") = "Q04_用BubbleSort排序數列。", "Q4_用BubbleSort排序數列。\Q04_用BubbleSort排序數列。.csproj", "{03A6C8C0-C3F0-4766-8FE2-9C73B5DCBEFD}"
EndProject
Project("{FAE04EC0-301F-11D3-BF4B-00C04F79EFBC}") = "Q05_判斷n是否為2的次方。", "Q5_判斷n是否為2的次方。\Q05_判斷n是否為2的次方。.csproj", "{41FE1E96-DD63-4D7E-A84D-6B7821EFBBBC}"
EndProject
Project("{FAE04EC0-301F-11D3-BF4B-00C04F79EFBC}") = "Q06_將1~100亂數塞入長度為100的陣列而不重複。", "Q6_將1~100亂數塞入長度為100的陣列而不重複。\Q06_將1~100亂數塞入長度為100的陣列而不重複。.csproj", "{37839178-1A3C-4302-A139-64C4E6C6C8B6}"
EndProject
Project("{FAE04EC0-301F-11D3-BF4B-00C04F79EFBC}") = "Q07_找錢系統。", "Q7_找錢系統。\Q07_找錢系統。.csproj", "{CCEC3F31-403E-489E-8094-D6B182A77E00}"
EndProject
Project("{FAE04EC0-301F-11D3-BF4B-00C04F79EFBC}") = "Q09_1+2+4+8+n，列出算式。", "Q9_1+2+4+8+n，列出算式。\Q09_1+2+4+8+n，列出算式。.csproj", "{B49548A8-E223-4F4A-B619-B92B516097F0}"
EndProject
Project("{FAE04EC0-301F-11D3-BF4B-00C04F79EFBC}") = "Q08_紐西蘭停電順序。", "Q8_紐西蘭停電順序。\Q08_紐西蘭停電順序。.csproj", "{43063440-F00A-44A7-9C52-4462BDB97880}"
EndProject
Project("{FAE04EC0-301F-11D3-BF4B-00C04F79EFBC}") = "Q10_十進位轉二進位。", "Q10_十進位轉二進位。\Q10_十進位轉二進位。.csproj", "{1DF73F46-98B8-4C13-9FA9-68712ED9FABC}"
EndProject
Project("{FAE04EC0-301F-11D3-BF4B-00C04F79EFBC}") = "Q11_將英文與數字分別放在兩個陣列。", "Q11_將英文與數字分別放在兩個陣列。\Q11_將英文與數字分別放在兩個陣列。.csproj", "{15CB36D5-3594-4618-8BF7-8F0860DE9062}"
EndProject
Project("{FAE04EC0-301F-11D3-BF4B-00C04F79EFBC}") = "Q12_判斷數字出現的次數，Dictionary版。", "Q12_判斷數字出現的次數，Dictionary版。\Q12_判斷數字出現的次數，Dictionary版。.csproj", "{9CFC3F7B-71C8-4D52-9A25-E5DBB55DFA4B}"
EndProject
Project("{FAE04EC0-301F-11D3-BF4B-00C04F79EFBC}") = "Q12_判斷數字出現的次數，LINQ版。", "Q12_判斷數字出現的次數，LINQ版。\Q12_判斷數字出現的次數，LINQ版。.csproj", "{36E498F8-9994-4E5B-AA13-8E39B1D58D57}"
EndProject
Project("{FAE04EC0-301F-11D3-BF4B-00C04F79EFBC}") = "Q13_陣列亂數排列", "Q13_陣列亂數排列\Q13_陣列亂數排列.csproj", "{19AD194D-08E3-41CE-926E-6A57E7DE3AA7}"
EndProject
Project("{FAE04EC0-301F-11D3-BF4B-00C04F79EFBC}") = "Q14_迴文", "Q14_迴文\Q14_迴文.csproj", "{48225E79-9A6F-47D0-9BAC-C0AF2CABF395}"
EndProject
Project("{FAE04EC0-301F-11D3-BF4B-00C04F79EFBC}") = "Q15_判斷是否為質數", "Q15_判斷是否為質數\Q15_判斷是否為質數.csproj", "{8F5348E5-488E-4D4E-8D4F-B16157436191}"
EndProject
Project("{FAE04EC0-301F-11D3-BF4B-00C04F79EFBC}") = "Q16_99乘法表", "Q16_99乘法表\Q16_99乘法表.csproj", "{38270D38-CBB5-4B3E-8DA6-563209100F13}"
EndProject
Project("{FAE04EC0-301F-11D3-BF4B-00C04F79EFBC}") = "homework", "..\..\..\資策會\C#\最後老師電腦\16陳俊宏\homework\homework\homework.csproj", "{C653250E-38B9-43A7-AA94-55DE07B099CF}"
EndProject
Global
	GlobalSection(SolutionConfigurationPlatforms) = preSolution
		Debug|Any CPU = Debug|Any CPU
		Debug|ARM = Debug|ARM
		Debug|x64 = Debug|x64
		Debug|x86 = Debug|x86
		Release|Any CPU = Release|Any CPU
		Release|ARM = Release|ARM
		Release|x64 = Release|x64
		Release|x86 = Release|x86
	EndGlobalSection
	GlobalSection(ProjectConfigurationPlatforms) = postSolution
		{5BC73C6C-D9D4-4BB0-9269-0A79863BFE72}.Debug|Any CPU.ActiveCfg = Debug|Any CPU
		{5BC73C6C-D9D4-4BB0-9269-0A79863BFE72}.Debug|Any CPU.Build.0 = Debug|Any CPU
		{5BC73C6C-D9D4-4BB0-9269-0A79863BFE72}.Debug|ARM.ActiveCfg = Debug|Any CPU
		{5BC73C6C-D9D4-4BB0-9269-0A79863BFE72}.Debug|ARM.Build.0 = Debug|Any CPU
		{5BC73C6C-D9D4-4BB0-9269-0A79863BFE72}.Debug|x64.ActiveCfg = Debug|Any CPU
		{5BC73C6C-D9D4-4BB0-9269-0A79863BFE72}.Debug|x64.Build.0 = Debug|Any CPU
		{5BC73C6C-D9D4-4BB0-9269-0A79863BFE72}.Debug|x86.ActiveCfg = Debug|Any CPU
		{5BC73C6C-D9D4-4BB0-9269-0A79863BFE72}.Debug|x86.Build.0 = Debug|Any CPU
		{5BC73C6C-D9D4-4BB0-9269-0A79863BFE72}.Release|Any CPU.ActiveCfg = Release|Any CPU
		{5BC73C6C-D9D4-4BB0-9269-0A79863BFE72}.Release|Any CPU.Build.0 = Release|Any CPU
		{5BC73C6C-D9D4-4BB0-9269-0A79863BFE72}.Release|ARM.ActiveCfg = Release|Any CPU
		{5BC73C6C-D9D4-4BB0-9269-0A79863BFE72}.Release|ARM.Build.0 = Release|Any CPU
		{5BC73C6C-D9D4-4BB0-9269-0A79863BFE72}.Release|x64.ActiveCfg = Release|Any CPU
		{5BC73C6C-D9D4-4BB0-9269-0A79863BFE72}.Release|x64.Build.0 = Release|Any CPU
		{5BC73C6C-D9D4-4BB0-9269-0A79863BFE72}.Release|x86.ActiveCfg = Release|Any CPU
		{5BC73C6C-D9D4-4BB0-9269-0A79863BFE72}.Release|x86.Build.0 = Release|Any CPU
		{EA785149-48CD-4DC2-98AA-C4FC74DC1FDB}.Debug|Any CPU.ActiveCfg = Debug|Any CPU
		{EA785149-48CD-4DC2-98AA-C4FC74DC1FDB}.Debug|Any CPU.Build.0 = Debug|Any CPU
		{EA785149-48CD-4DC2-98AA-C4FC74DC1FDB}.Debug|ARM.ActiveCfg = Debug|Any CPU
		{EA785149-48CD-4DC2-98AA-C4FC74DC1FDB}.Debug|ARM.Build.0 = Debug|Any CPU
		{EA785149-48CD-4DC2-98AA-C4FC74DC1FDB}.Debug|x64.ActiveCfg = Debug|Any CPU
		{EA785149-48CD-4DC2-98AA-C4FC74DC1FDB}.Debug|x64.Build.0 = Debug|Any CPU
		{EA785149-48CD-4DC2-98AA-C4FC74DC1FDB}.Debug|x86.ActiveCfg = Debug|Any CPU
		{EA785149-48CD-4DC2-98AA-C4FC74DC1FDB}.Debug|x86.Build.0 = Debug|Any CPU
		{EA785149-48CD-4DC2-98AA-C4FC74DC1FDB}.Release|Any CPU.ActiveCfg = Release|Any CPU
		{EA785149-48CD-4DC2-98AA-C4FC74DC1FDB}.Release|Any CPU.Build.0 = Release|Any CPU
		{EA785149-48CD-4DC2-98AA-C4FC74DC1FDB}.Release|ARM.ActiveCfg = Release|Any CPU
		{EA785149-48CD-4DC2-98AA-C4FC74DC1FDB}.Release|ARM.Build.0 = Release|Any CPU
		{EA785149-48CD-4DC2-98AA-C4FC74DC1FDB}.Release|x64.ActiveCfg = Release|Any CPU
		{EA785149-48CD-4DC2-98AA-C4FC74DC1FDB}.Release|x64.Build.0 = Release|Any CPU
		{EA785149-48CD-4DC2-98AA-C4FC74DC1FDB}.Release|x86.ActiveCfg = Release|Any CPU
		{EA785149-48CD-4DC2-98AA-C4FC74DC1FDB}.Release|x86.Build.0 = Release|Any CPU
		{06C580C5-D26C-4B83-A8D9-7D3EA84AAD2C}.Debug|Any CPU.ActiveCfg = Debug|Any CPU
		{06C580C5-D26C-4B83-A8D9-7D3EA84AAD2C}.Debug|Any CPU.Build.0 = Debug|Any CPU
		{06C580C5-D26C-4B83-A8D9-7D3EA84AAD2C}.Debug|ARM.ActiveCfg = Debug|Any CPU
		{06C580C5-D26C-4B83-A8D9-7D3EA84AAD2C}.Debug|ARM.Build.0 = Debug|Any CPU
		{06C580C5-D26C-4B83-A8D9-7D3EA84AAD2C}.Debug|x64.ActiveCfg = Debug|Any CPU
		{06C580C5-D26C-4B83-A8D9-7D3EA84AAD2C}.Debug|x64.Build.0 = Debug|Any CPU
		{06C580C5-D26C-4B83-A8D9-7D3EA84AAD2C}.Debug|x86.ActiveCfg = Debug|Any CPU
		{06C580C5-D26C-4B83-A8D9-7D3EA84AAD2C}.Debug|x86.Build.0 = Debug|Any CPU
		{06C580C5-D26C-4B83-A8D9-7D3EA84AAD2C}.Release|Any CPU.ActiveCfg = Release|Any CPU
		{06C580C5-D26C-4B83-A8D9-7D3EA84AAD2C}.Release|Any CPU.Build.0 = Release|Any CPU
		{06C580C5-D26C-4B83-A8D9-7D3EA84AAD2C}.Release|ARM.ActiveCfg = Release|Any CPU
		{06C580C5-D26C-4B83-A8D9-7D3EA84AAD2C}.Release|ARM.Build.0 = Release|Any CPU
		{06C580C5-D26C-4B83-A8D9-7D3EA84AAD2C}.Release|x64.ActiveCfg = Release|Any CPU
		{06C580C5-D26C-4B83-A8D9-7D3EA84AAD2C}.Release|x64.Build.0 = Release|Any CPU
		{06C580C5-D26C-4B83-A8D9-7D3EA84AAD2C}.Release|x86.ActiveCfg = Release|Any CPU
		{06C580C5-D26C-4B83-A8D9-7D3EA84AAD2C}.Release|x86.Build.0 = Release|Any CPU
		{03A6C8C0-C3F0-4766-8FE2-9C73B5DCBEFD}.Debug|Any CPU.ActiveCfg = Debug|Any CPU
		{03A6C8C0-C3F0-4766-8FE2-9C73B5DCBEFD}.Debug|Any CPU.Build.0 = Debug|Any CPU
		{03A6C8C0-C3F0-4766-8FE2-9C73B5DCBEFD}.Debug|ARM.ActiveCfg = Debug|Any CPU
		{03A6C8C0-C3F0-4766-8FE2-9C73B5DCBEFD}.Debug|ARM.Build.0 = Debug|Any CPU
		{03A6C8C0-C3F0-4766-8FE2-9C73B5DCBEFD}.Debug|x64.ActiveCfg = Debug|Any CPU
		{03A6C8C0-C3F0-4766-8FE2-9C73B5DCBEFD}.Debug|x64.Build.0 = Debug|Any CPU
		{03A6C8C0-C3F0-4766-8FE2-9C73B5DCBEFD}.Debug|x86.ActiveCfg = Debug|Any CPU
		{03A6C8C0-C3F0-4766-8FE2-9C73B5DCBEFD}.Debug|x86.Build.0 = Debug|Any CPU
		{03A6C8C0-C3F0-4766-8FE2-9C73B5DCBEFD}.Release|Any CPU.ActiveCfg = Release|Any CPU
		{03A6C8C0-C3F0-4766-8FE2-9C73B5DCBEFD}.Release|Any CPU.Build.0 = Release|Any CPU
		{03A6C8C0-C3F0-4766-8FE2-9C73B5DCBEFD}.Release|ARM.ActiveCfg = Release|Any CPU
		{03A6C8C0-C3F0-4766-8FE2-9C73B5DCBEFD}.Release|ARM.Build.0 = Release|Any CPU
		{03A6C8C0-C3F0-4766-8FE2-9C73B5DCBEFD}.Release|x64.ActiveCfg = Release|Any CPU
		{03A6C8C0-C3F0-4766-8FE2-9C73B5DCBEFD}.Release|x64.Build.0 = Release|Any CPU
		{03A6C8C0-C3F0-4766-8FE2-9C73B5DCBEFD}.Release|x86.ActiveCfg = Release|Any CPU
		{03A6C8C0-C3F0-4766-8FE2-9C73B5DCBEFD}.Release|x86.Build.0 = Release|Any CPU
		{41FE1E96-DD63-4D7E-A84D-6B7821EFBBBC}.Debug|Any CPU.ActiveCfg = Debug|Any CPU
		{41FE1E96-DD63-4D7E-A84D-6B7821EFBBBC}.Debug|Any CPU.Build.0 = Debug|Any CPU
		{41FE1E96-DD63-4D7E-A84D-6B7821EFBBBC}.Debug|ARM.ActiveCfg = Debug|Any CPU
		{41FE1E96-DD63-4D7E-A84D-6B7821EFBBBC}.Debug|ARM.Build.0 = Debug|Any CPU
		{41FE1E96-DD63-4D7E-A84D-6B7821EFBBBC}.Debug|x64.ActiveCfg = Debug|Any CPU
		{41FE1E96-DD63-4D7E-A84D-6B7821EFBBBC}.Debug|x64.Build.0 = Debug|Any CPU
		{41FE1E96-DD63-4D7E-A84D-6B7821EFBBBC}.Debug|x86.ActiveCfg = Debug|Any CPU
		{41FE1E96-DD63-4D7E-A84D-6B7821EFBBBC}.Debug|x86.Build.0 = Debug|Any CPU
		{41FE1E96-DD63-4D7E-A84D-6B7821EFBBBC}.Release|Any CPU.ActiveCfg = Release|Any CPU
		{41FE1E96-DD63-4D7E-A84D-6B7821EFBBBC}.Release|Any CPU.Build.0 = Release|Any CPU
		{41FE1E96-DD63-4D7E-A84D-6B7821EFBBBC}.Release|ARM.ActiveCfg = Release|Any CPU
		{41FE1E96-DD63-4D7E-A84D-6B7821EFBBBC}.Release|ARM.Build.0 = Release|Any CPU
		{41FE1E96-DD63-4D7E-A84D-6B7821EFBBBC}.Release|x64.ActiveCfg = Release|Any CPU
		{41FE1E96-DD63-4D7E-A84D-6B7821EFBBBC}.Release|x64.Build.0 = Release|Any CPU
		{41FE1E96-DD63-4D7E-A84D-6B7821EFBBBC}.Release|x86.ActiveCfg = Release|Any CPU
		{41FE1E96-DD63-4D7E-A84D-6B7821EFBBBC}.Release|x86.Build.0 = Release|Any CPU
		{37839178-1A3C-4302-A139-64C4E6C6C8B6}.Debug|Any CPU.ActiveCfg = Debug|Any CPU
		{37839178-1A3C-4302-A139-64C4E6C6C8B6}.Debug|Any CPU.Build.0 = Debug|Any CPU
		{37839178-1A3C-4302-A139-64C4E6C6C8B6}.Debug|ARM.ActiveCfg = Debug|Any CPU
		{37839178-1A3C-4302-A139-64C4E6C6C8B6}.Debug|ARM.Build.0 = Debug|Any CPU
		{37839178-1A3C-4302-A139-64C4E6C6C8B6}.Debug|x64.ActiveCfg = Debug|Any CPU
		{37839178-1A3C-4302-A139-64C4E6C6C8B6}.Debug|x64.Build.0 = Debug|Any CPU
		{37839178-1A3C-4302-A139-64C4E6C6C8B6}.Debug|x86.ActiveCfg = Debug|Any CPU
		{37839178-1A3C-4302-A139-64C4E6C6C8B6}.Debug|x86.Build.0 = Debug|Any CPU
		{37839178-1A3C-4302-A139-64C4E6C6C8B6}.Release|Any CPU.ActiveCfg = Release|Any CPU
		{37839178-1A3C-4302-A139-64C4E6C6C8B6}.Release|Any CPU.Build.0 = Release|Any CPU
		{37839178-1A3C-4302-A139-64C4E6C6C8B6}.Release|ARM.ActiveCfg = Release|Any CPU
		{37839178-1A3C-4302-A139-64C4E6C6C8B6}.Release|ARM.Build.0 = Release|Any CPU
		{37839178-1A3C-4302-A139-64C4E6C6C8B6}.Release|x64.ActiveCfg = Release|Any CPU
		{37839178-1A3C-4302-A139-64C4E6C6C8B6}.Release|x64.Build.0 = Release|Any CPU
		{37839178-1A3C-4302-A139-64C4E6C6C8B6}.Release|x86.ActiveCfg = Release|Any CPU
		{37839178-1A3C-4302-A139-64C4E6C6C8B6}.Release|x86.Build.0 = Release|Any CPU
		{CCEC3F31-403E-489E-8094-D6B182A77E00}.Debug|Any CPU.ActiveCfg = Debug|Any CPU
		{CCEC3F31-403E-489E-8094-D6B182A77E00}.Debug|Any CPU.Build.0 = Debug|Any CPU
		{CCEC3F31-403E-489E-8094-D6B182A77E00}.Debug|ARM.ActiveCfg = Debug|Any CPU
		{CCEC3F31-403E-489E-8094-D6B182A77E00}.Debug|ARM.Build.0 = Debug|Any CPU
		{CCEC3F31-403E-489E-8094-D6B182A77E00}.Debug|x64.ActiveCfg = Debug|Any CPU
		{CCEC3F31-403E-489E-8094-D6B182A77E00}.Debug|x64.Build.0 = Debug|Any CPU
		{CCEC3F31-403E-489E-8094-D6B182A77E00}.Debug|x86.ActiveCfg = Debug|Any CPU
		{CCEC3F31-403E-489E-8094-D6B182A77E00}.Debug|x86.Build.0 = Debug|Any CPU
		{CCEC3F31-403E-489E-8094-D6B182A77E00}.Release|Any CPU.ActiveCfg = Release|Any CPU
		{CCEC3F31-403E-489E-8094-D6B182A77E00}.Release|Any CPU.Build.0 = Release|Any CPU
		{CCEC3F31-403E-489E-8094-D6B182A77E00}.Release|ARM.ActiveCfg = Release|Any CPU
		{CCEC3F31-403E-489E-8094-D6B182A77E00}.Release|ARM.Build.0 = Release|Any CPU
		{CCEC3F31-403E-489E-8094-D6B182A77E00}.Release|x64.ActiveCfg = Release|Any CPU
		{CCEC3F31-403E-489E-8094-D6B182A77E00}.Release|x64.Build.0 = Release|Any CPU
		{CCEC3F31-403E-489E-8094-D6B182A77E00}.Release|x86.ActiveCfg = Release|Any CPU
		{CCEC3F31-403E-489E-8094-D6B182A77E00}.Release|x86.Build.0 = Release|Any CPU
		{B49548A8-E223-4F4A-B619-B92B516097F0}.Debug|Any CPU.ActiveCfg = Debug|Any CPU
		{B49548A8-E223-4F4A-B619-B92B516097F0}.Debug|Any CPU.Build.0 = Debug|Any CPU
		{B49548A8-E223-4F4A-B619-B92B516097F0}.Debug|ARM.ActiveCfg = Debug|Any CPU
		{B49548A8-E223-4F4A-B619-B92B516097F0}.Debug|ARM.Build.0 = Debug|Any CPU
		{B49548A8-E223-4F4A-B619-B92B516097F0}.Debug|x64.ActiveCfg = Debug|Any CPU
		{B49548A8-E223-4F4A-B619-B92B516097F0}.Debug|x64.Build.0 = Debug|Any CPU
		{B49548A8-E223-4F4A-B619-B92B516097F0}.Debug|x86.ActiveCfg = Debug|Any CPU
		{B49548A8-E223-4F4A-B619-B92B516097F0}.Debug|x86.Build.0 = Debug|Any CPU
		{B49548A8-E223-4F4A-B619-B92B516097F0}.Release|Any CPU.ActiveCfg = Release|Any CPU
		{B49548A8-E223-4F4A-B619-B92B516097F0}.Release|Any CPU.Build.0 = Release|Any CPU
		{B49548A8-E223-4F4A-B619-B92B516097F0}.Release|ARM.ActiveCfg = Release|Any CPU
		{B49548A8-E223-4F4A-B619-B92B516097F0}.Release|ARM.Build.0 = Release|Any CPU
		{B49548A8-E223-4F4A-B619-B92B516097F0}.Release|x64.ActiveCfg = Release|Any CPU
		{B49548A8-E223-4F4A-B619-B92B516097F0}.Release|x64.Build.0 = Release|Any CPU
		{B49548A8-E223-4F4A-B619-B92B516097F0}.Release|x86.ActiveCfg = Release|Any CPU
		{B49548A8-E223-4F4A-B619-B92B516097F0}.Release|x86.Build.0 = Release|Any CPU
		{43063440-F00A-44A7-9C52-4462BDB97880}.Debug|Any CPU.ActiveCfg = Debug|Any CPU
		{43063440-F00A-44A7-9C52-4462BDB97880}.Debug|Any CPU.Build.0 = Debug|Any CPU
		{43063440-F00A-44A7-9C52-4462BDB97880}.Debug|ARM.ActiveCfg = Debug|Any CPU
		{43063440-F00A-44A7-9C52-4462BDB97880}.Debug|ARM.Build.0 = Debug|Any CPU
		{43063440-F00A-44A7-9C52-4462BDB97880}.Debug|x64.ActiveCfg = Debug|Any CPU
		{43063440-F00A-44A7-9C52-4462BDB97880}.Debug|x64.Build.0 = Debug|Any CPU
		{43063440-F00A-44A7-9C52-4462BDB97880}.Debug|x86.ActiveCfg = Debug|Any CPU
		{43063440-F00A-44A7-9C52-4462BDB97880}.Debug|x86.Build.0 = Debug|Any CPU
		{43063440-F00A-44A7-9C52-4462BDB97880}.Release|Any CPU.ActiveCfg = Release|Any CPU
		{43063440-F00A-44A7-9C52-4462BDB97880}.Release|Any CPU.Build.0 = Release|Any CPU
		{43063440-F00A-44A7-9C52-4462BDB97880}.Release|ARM.ActiveCfg = Release|Any CPU
		{43063440-F00A-44A7-9C52-4462BDB97880}.Release|ARM.Build.0 = Release|Any CPU
		{43063440-F00A-44A7-9C52-4462BDB97880}.Release|x64.ActiveCfg = Release|Any CPU
		{43063440-F00A-44A7-9C52-4462BDB97880}.Release|x64.Build.0 = Release|Any CPU
		{43063440-F00A-44A7-9C52-4462BDB97880}.Release|x86.ActiveCfg = Release|Any CPU
		{43063440-F00A-44A7-9C52-4462BDB97880}.Release|x86.Build.0 = Release|Any CPU
		{1DF73F46-98B8-4C13-9FA9-68712ED9FABC}.Debug|Any CPU.ActiveCfg = Debug|Any CPU
		{1DF73F46-98B8-4C13-9FA9-68712ED9FABC}.Debug|Any CPU.Build.0 = Debug|Any CPU
		{1DF73F46-98B8-4C13-9FA9-68712ED9FABC}.Debug|ARM.ActiveCfg = Debug|Any CPU
		{1DF73F46-98B8-4C13-9FA9-68712ED9FABC}.Debug|ARM.Build.0 = Debug|Any CPU
		{1DF73F46-98B8-4C13-9FA9-68712ED9FABC}.Debug|x64.ActiveCfg = Debug|Any CPU
		{1DF73F46-98B8-4C13-9FA9-68712ED9FABC}.Debug|x64.Build.0 = Debug|Any CPU
		{1DF73F46-98B8-4C13-9FA9-68712ED9FABC}.Debug|x86.ActiveCfg = Debug|Any CPU
		{1DF73F46-98B8-4C13-9FA9-68712ED9FABC}.Debug|x86.Build.0 = Debug|Any CPU
		{1DF73F46-98B8-4C13-9FA9-68712ED9FABC}.Release|Any CPU.ActiveCfg = Release|Any CPU
		{1DF73F46-98B8-4C13-9FA9-68712ED9FABC}.Release|Any CPU.Build.0 = Release|Any CPU
		{1DF73F46-98B8-4C13-9FA9-68712ED9FABC}.Release|ARM.ActiveCfg = Release|Any CPU
		{1DF73F46-98B8-4C13-9FA9-68712ED9FABC}.Release|ARM.Build.0 = Release|Any CPU
		{1DF73F46-98B8-4C13-9FA9-68712ED9FABC}.Release|x64.ActiveCfg = Release|Any CPU
		{1DF73F46-98B8-4C13-9FA9-68712ED9FABC}.Release|x64.Build.0 = Release|Any CPU
		{1DF73F46-98B8-4C13-9FA9-68712ED9FABC}.Release|x86.ActiveCfg = Release|Any CPU
		{1DF73F46-98B8-4C13-9FA9-68712ED9FABC}.Release|x86.Build.0 = Release|Any CPU
		{15CB36D5-3594-4618-8BF7-8F0860DE9062}.Debug|Any CPU.ActiveCfg = Debug|Any CPU
		{15CB36D5-3594-4618-8BF7-8F0860DE9062}.Debug|Any CPU.Build.0 = Debug|Any CPU
		{15CB36D5-3594-4618-8BF7-8F0860DE9062}.Debug|ARM.ActiveCfg = Debug|Any CPU
		{15CB36D5-3594-4618-8BF7-8F0860DE9062}.Debug|ARM.Build.0 = Debug|Any CPU
		{15CB36D5-3594-4618-8BF7-8F0860DE9062}.Debug|x64.ActiveCfg = Debug|Any CPU
		{15CB36D5-3594-4618-8BF7-8F0860DE9062}.Debug|x64.Build.0 = Debug|Any CPU
		{15CB36D5-3594-4618-8BF7-8F0860DE9062}.Debug|x86.ActiveCfg = Debug|Any CPU
		{15CB36D5-3594-4618-8BF7-8F0860DE9062}.Debug|x86.Build.0 = Debug|Any CPU
		{15CB36D5-3594-4618-8BF7-8F0860DE9062}.Release|Any CPU.ActiveCfg = Release|Any CPU
		{15CB36D5-3594-4618-8BF7-8F0860DE9062}.Release|Any CPU.Build.0 = Release|Any CPU
		{15CB36D5-3594-4618-8BF7-8F0860DE9062}.Release|ARM.ActiveCfg = Release|Any CPU
		{15CB36D5-3594-4618-8BF7-8F0860DE9062}.Release|ARM.Build.0 = Release|Any CPU
		{15CB36D5-3594-4618-8BF7-8F0860DE9062}.Release|x64.ActiveCfg = Release|Any CPU
		{15CB36D5-3594-4618-8BF7-8F0860DE9062}.Release|x64.Build.0 = Release|Any CPU
		{15CB36D5-3594-4618-8BF7-8F0860DE9062}.Release|x86.ActiveCfg = Release|Any CPU
		{15CB36D5-3594-4618-8BF7-8F0860DE9062}.Release|x86.Build.0 = Release|Any CPU
		{9CFC3F7B-71C8-4D52-9A25-E5DBB55DFA4B}.Debug|Any CPU.ActiveCfg = Debug|Any CPU
		{9CFC3F7B-71C8-4D52-9A25-E5DBB55DFA4B}.Debug|Any CPU.Build.0 = Debug|Any CPU
		{9CFC3F7B-71C8-4D52-9A25-E5DBB55DFA4B}.Debug|ARM.ActiveCfg = Debug|Any CPU
		{9CFC3F7B-71C8-4D52-9A25-E5DBB55DFA4B}.Debug|ARM.Build.0 = Debug|Any CPU
		{9CFC3F7B-71C8-4D52-9A25-E5DBB55DFA4B}.Debug|x64.ActiveCfg = Debug|Any CPU
		{9CFC3F7B-71C8-4D52-9A25-E5DBB55DFA4B}.Debug|x64.Build.0 = Debug|Any CPU
		{9CFC3F7B-71C8-4D52-9A25-E5DBB55DFA4B}.Debug|x86.ActiveCfg = Debug|Any CPU
		{9CFC3F7B-71C8-4D52-9A25-E5DBB55DFA4B}.Debug|x86.Build.0 = Debug|Any CPU
		{9CFC3F7B-71C8-4D52-9A25-E5DBB55DFA4B}.Release|Any CPU.ActiveCfg = Release|Any CPU
		{9CFC3F7B-71C8-4D52-9A25-E5DBB55DFA4B}.Release|Any CPU.Build.0 = Release|Any CPU
		{9CFC3F7B-71C8-4D52-9A25-E5DBB55DFA4B}.Release|ARM.ActiveCfg = Release|Any CPU
		{9CFC3F7B-71C8-4D52-9A25-E5DBB55DFA4B}.Release|ARM.Build.0 = Release|Any CPU
		{9CFC3F7B-71C8-4D52-9A25-E5DBB55DFA4B}.Release|x64.ActiveCfg = Release|Any CPU
		{9CFC3F7B-71C8-4D52-9A25-E5DBB55DFA4B}.Release|x64.Build.0 = Release|Any CPU
		{9CFC3F7B-71C8-4D52-9A25-E5DBB55DFA4B}.Release|x86.ActiveCfg = Release|Any CPU
		{9CFC3F7B-71C8-4D52-9A25-E5DBB55DFA4B}.Release|x86.Build.0 = Release|Any CPU
		{36E498F8-9994-4E5B-AA13-8E39B1D58D57}.Debug|Any CPU.ActiveCfg = Debug|Any CPU
		{36E498F8-9994-4E5B-AA13-8E39B1D58D57}.Debug|Any CPU.Build.0 = Debug|Any CPU
		{36E498F8-9994-4E5B-AA13-8E39B1D58D57}.Debug|ARM.ActiveCfg = Debug|Any CPU
		{36E498F8-9994-4E5B-AA13-8E39B1D58D57}.Debug|ARM.Build.0 = Debug|Any CPU
		{36E498F8-9994-4E5B-AA13-8E39B1D58D57}.Debug|x64.ActiveCfg = Debug|Any CPU
		{36E498F8-9994-4E5B-AA13-8E39B1D58D57}.Debug|x64.Build.0 = Debug|Any CPU
		{36E498F8-9994-4E5B-AA13-8E39B1D58D57}.Debug|x86.ActiveCfg = Debug|Any CPU
		{36E498F8-9994-4E5B-AA13-8E39B1D58D57}.Debug|x86.Build.0 = Debug|Any CPU
		{36E498F8-9994-4E5B-AA13-8E39B1D58D57}.Release|Any CPU.ActiveCfg = Release|Any CPU
		{36E498F8-9994-4E5B-AA13-8E39B1D58D57}.Release|Any CPU.Build.0 = Release|Any CPU
		{36E498F8-9994-4E5B-AA13-8E39B1D58D57}.Release|ARM.ActiveCfg = Release|Any CPU
		{36E498F8-9994-4E5B-AA13-8E39B1D58D57}.Release|ARM.Build.0 = Release|Any CPU
		{36E498F8-9994-4E5B-AA13-8E39B1D58D57}.Release|x64.ActiveCfg = Release|Any CPU
		{36E498F8-9994-4E5B-AA13-8E39B1D58D57}.Release|x64.Build.0 = Release|Any CPU
		{36E498F8-9994-4E5B-AA13-8E39B1D58D57}.Release|x86.ActiveCfg = Release|Any CPU
		{36E498F8-9994-4E5B-AA13-8E39B1D58D57}.Release|x86.Build.0 = Release|Any CPU
		{19AD194D-08E3-41CE-926E-6A57E7DE3AA7}.Debug|Any CPU.ActiveCfg = Debug|Any CPU
		{19AD194D-08E3-41CE-926E-6A57E7DE3AA7}.Debug|Any CPU.Build.0 = Debug|Any CPU
		{19AD194D-08E3-41CE-926E-6A57E7DE3AA7}.Debug|ARM.ActiveCfg = Debug|Any CPU
		{19AD194D-08E3-41CE-926E-6A57E7DE3AA7}.Debug|ARM.Build.0 = Debug|Any CPU
		{19AD194D-08E3-41CE-926E-6A57E7DE3AA7}.Debug|x64.ActiveCfg = Debug|Any CPU
		{19AD194D-08E3-41CE-926E-6A57E7DE3AA7}.Debug|x64.Build.0 = Debug|Any CPU
		{19AD194D-08E3-41CE-926E-6A57E7DE3AA7}.Debug|x86.ActiveCfg = Debug|Any CPU
		{19AD194D-08E3-41CE-926E-6A57E7DE3AA7}.Debug|x86.Build.0 = Debug|Any CPU
		{19AD194D-08E3-41CE-926E-6A57E7DE3AA7}.Release|Any CPU.ActiveCfg = Release|Any CPU
		{19AD194D-08E3-41CE-926E-6A57E7DE3AA7}.Release|Any CPU.Build.0 = Release|Any CPU
		{19AD194D-08E3-41CE-926E-6A57E7DE3AA7}.Release|ARM.ActiveCfg = Release|Any CPU
		{19AD194D-08E3-41CE-926E-6A57E7DE3AA7}.Release|ARM.Build.0 = Release|Any CPU
		{19AD194D-08E3-41CE-926E-6A57E7DE3AA7}.Release|x64.ActiveCfg = Release|Any CPU
		{19AD194D-08E3-41CE-926E-6A57E7DE3AA7}.Release|x64.Build.0 = Release|Any CPU
		{19AD194D-08E3-41CE-926E-6A57E7DE3AA7}.Release|x86.ActiveCfg = Release|Any CPU
		{19AD194D-08E3-41CE-926E-6A57E7DE3AA7}.Release|x86.Build.0 = Release|Any CPU
		{48225E79-9A6F-47D0-9BAC-C0AF2CABF395}.Debug|Any CPU.ActiveCfg = Debug|Any CPU
		{48225E79-9A6F-47D0-9BAC-C0AF2CABF395}.Debug|Any CPU.Build.0 = Debug|Any CPU
		{48225E79-9A6F-47D0-9BAC-C0AF2CABF395}.Debug|ARM.ActiveCfg = Debug|Any CPU
		{48225E79-9A6F-47D0-9BAC-C0AF2CABF395}.Debug|ARM.Build.0 = Debug|Any CPU
		{48225E79-9A6F-47D0-9BAC-C0AF2CABF395}.Debug|x64.ActiveCfg = Debug|Any CPU
		{48225E79-9A6F-47D0-9BAC-C0AF2CABF395}.Debug|x64.Build.0 = Debug|Any CPU
		{48225E79-9A6F-47D0-9BAC-C0AF2CABF395}.Debug|x86.ActiveCfg = Debug|Any CPU
		{48225E79-9A6F-47D0-9BAC-C0AF2CABF395}.Debug|x86.Build.0 = Debug|Any CPU
		{48225E79-9A6F-47D0-9BAC-C0AF2CABF395}.Release|Any CPU.ActiveCfg = Release|Any CPU
		{48225E79-9A6F-47D0-9BAC-C0AF2CABF395}.Release|Any CPU.Build.0 = Release|Any CPU
		{48225E79-9A6F-47D0-9BAC-C0AF2CABF395}.Release|ARM.ActiveCfg = Release|Any CPU
		{48225E79-9A6F-47D0-9BAC-C0AF2CABF395}.Release|ARM.Build.0 = Release|Any CPU
		{48225E79-9A6F-47D0-9BAC-C0AF2CABF395}.Release|x64.ActiveCfg = Release|Any CPU
		{48225E79-9A6F-47D0-9BAC-C0AF2CABF395}.Release|x64.Build.0 = Release|Any CPU
		{48225E79-9A6F-47D0-9BAC-C0AF2CABF395}.Release|x86.ActiveCfg = Release|Any CPU
		{48225E79-9A6F-47D0-9BAC-C0AF2CABF395}.Release|x86.Build.0 = Release|Any CPU
		{8F5348E5-488E-4D4E-8D4F-B16157436191}.Debug|Any CPU.ActiveCfg = Debug|Any CPU
		{8F5348E5-488E-4D4E-8D4F-B16157436191}.Debug|Any CPU.Build.0 = Debug|Any CPU
		{8F5348E5-488E-4D4E-8D4F-B16157436191}.Debug|ARM.ActiveCfg = Debug|Any CPU
		{8F5348E5-488E-4D4E-8D4F-B16157436191}.Debug|ARM.Build.0 = Debug|Any CPU
		{8F5348E5-488E-4D4E-8D4F-B16157436191}.Debug|x64.ActiveCfg = Debug|Any CPU
		{8F5348E5-488E-4D4E-8D4F-B16157436191}.Debug|x64.Build.0 = Debug|Any CPU
		{8F5348E5-488E-4D4E-8D4F-B16157436191}.Debug|x86.ActiveCfg = Debug|Any CPU
		{8F5348E5-488E-4D4E-8D4F-B16157436191}.Debug|x86.Build.0 = Debug|Any CPU
		{8F5348E5-488E-4D4E-8D4F-B16157436191}.Release|Any CPU.ActiveCfg = Release|Any CPU
		{8F5348E5-488E-4D4E-8D4F-B16157436191}.Release|Any CPU.Build.0 = Release|Any CPU
		{8F5348E5-488E-4D4E-8D4F-B16157436191}.Release|ARM.ActiveCfg = Release|Any CPU
		{8F5348E5-488E-4D4E-8D4F-B16157436191}.Release|ARM.Build.0 = Release|Any CPU
		{8F5348E5-488E-4D4E-8D4F-B16157436191}.Release|x64.ActiveCfg = Release|Any CPU
		{8F5348E5-488E-4D4E-8D4F-B16157436191}.Release|x64.Build.0 = Release|Any CPU
		{8F5348E5-488E-4D4E-8D4F-B16157436191}.Release|x86.ActiveCfg = Release|Any CPU
		{8F5348E5-488E-4D4E-8D4F-B16157436191}.Release|x86.Build.0 = Release|Any CPU
		{38270D38-CBB5-4B3E-8DA6-563209100F13}.Debug|Any CPU.ActiveCfg = Debug|Any CPU
		{38270D38-CBB5-4B3E-8DA6-563209100F13}.Debug|Any CPU.Build.0 = Debug|Any CPU
		{38270D38-CBB5-4B3E-8DA6-563209100F13}.Debug|ARM.ActiveCfg = Debug|Any CPU
		{38270D38-CBB5-4B3E-8DA6-563209100F13}.Debug|ARM.Build.0 = Debug|Any CPU
		{38270D38-CBB5-4B3E-8DA6-563209100F13}.Debug|x64.ActiveCfg = Debug|Any CPU
		{38270D38-CBB5-4B3E-8DA6-563209100F13}.Debug|x64.Build.0 = Debug|Any CPU
		{38270D38-CBB5-4B3E-8DA6-563209100F13}.Debug|x86.ActiveCfg = Debug|Any CPU
		{38270D38-CBB5-4B3E-8DA6-563209100F13}.Debug|x86.Build.0 = Debug|Any CPU
		{38270D38-CBB5-4B3E-8DA6-563209100F13}.Release|Any CPU.ActiveCfg = Release|Any CPU
		{38270D38-CBB5-4B3E-8DA6-563209100F13}.Release|Any CPU.Build.0 = Release|Any CPU
		{38270D38-CBB5-4B3E-8DA6-563209100F13}.Release|ARM.ActiveCfg = Release|Any CPU
		{38270D38-CBB5-4B3E-8DA6-563209100F13}.Release|ARM.Build.0 = Release|Any CPU
		{38270D38-CBB5-4B3E-8DA6-563209100F13}.Release|x64.ActiveCfg = Release|Any CPU
		{38270D38-CBB5-4B3E-8DA6-563209100F13}.Release|x64.Build.0 = Release|Any CPU
		{38270D38-CBB5-4B3E-8DA6-563209100F13}.Release|x86.ActiveCfg = Release|Any CPU
		{38270D38-CBB5-4B3E-8DA6-563209100F13}.Release|x86.Build.0 = Release|Any CPU
		{C653250E-38B9-43A7-AA94-55DE07B099CF}.Debug|Any CPU.ActiveCfg = Debug|Any CPU
		{C653250E-38B9-43A7-AA94-55DE07B099CF}.Debug|Any CPU.Build.0 = Debug|Any CPU
		{C653250E-38B9-43A7-AA94-55DE07B099CF}.Debug|ARM.ActiveCfg = Debug|Any CPU
		{C653250E-38B9-43A7-AA94-55DE07B099CF}.Debug|ARM.Build.0 = Debug|Any CPU
		{C653250E-38B9-43A7-AA94-55DE07B099CF}.Debug|x64.ActiveCfg = Debug|Any CPU
		{C653250E-38B9-43A7-AA94-55DE07B099CF}.Debug|x64.Build.0 = Debug|Any CPU
		{C653250E-38B9-43A7-AA94-55DE07B099CF}.Debug|x86.ActiveCfg = Debug|Any CPU
		{C653250E-38B9-43A7-AA94-55DE07B099CF}.Debug|x86.Build.0 = Debug|Any CPU
		{C653250E-38B9-43A7-AA94-55DE07B099CF}.Release|Any CPU.ActiveCfg = Release|Any CPU
		{C653250E-38B9-43A7-AA94-55DE07B099CF}.Release|Any CPU.Build.0 = Release|Any CPU
		{C653250E-38B9-43A7-AA94-55DE07B099CF}.Release|ARM.ActiveCfg = Release|Any CPU
		{C653250E-38B9-43A7-AA94-55DE07B099CF}.Release|ARM.Build.0 = Release|Any CPU
		{C653250E-38B9-43A7-AA94-55DE07B099CF}.Release|x64.ActiveCfg = Release|Any CPU
		{C653250E-38B9-43A7-AA94-55DE07B099CF}.Release|x64.Build.0 = Release|Any CPU
		{C653250E-38B9-43A7-AA94-55DE07B099CF}.Release|x86.ActiveCfg = Release|Any CPU
		{C653250E-38B9-43A7-AA94-55DE07B099CF}.Release|x86.Build.0 = Release|Any CPU
	EndGlobalSection
	GlobalSection(SolutionProperties) = preSolution
		HideSolutionNode = FALSE
	EndGlobalSection
	GlobalSection(ExtensibilityGlobals) = postSolution
		SolutionGuid = {5E5C8601-D95F-4869-8BD7-2810EECE15D7}
	EndGlobalSection
EndGlobal
